<?xml version="1.0" encoding="utf-8"?>
<Project ToolsVersion="4.0" xmlns="http://schemas.microsoft.com/developer/msbuild/2003">
  <ItemGroup>
    <Filter Include="소스 파일">
      <UniqueIdentifier>{4FC737F1-C7A5-4376-A066-2A32D752A2FF}</UniqueIdentifier>
      <Extensions>cpp;c;cc;cxx;c++;cppm;ixx;def;odl;idl;hpj;bat;asm;asmx</Extensions>
    </Filter>
    <Filter Include="헤더 파일">
      <UniqueIdentifier>{93995380-89BD-4b04-88EB-625FBE52EBFB}</UniqueIdentifier>
      <Extensions>h;hh;hpp;hxx;h++;hm;inl;inc;ipp;xsd</Extensions>
    </Filter>
    <Filter Include="리소스 파일">
      <UniqueIdentifier>{67DA6AB6-F800-4c08-8B7A-83BB121AAD01}</UniqueIdentifier>
      <Extensions>rc;ico;cur;bmp;dlg;rc2;rct;bin;rgs;gif;jpg;jpeg;jpe;resx;tiff;tif;png;wav;mfcribbon-ms</Extensions>
    </Filter>
    <Filter Include="소스 파일\UI">
      <UniqueIdentifier>{90d82baf-6e32-49f4-957e-f951f432117f}</UniqueIdentifier>
    </Filter>
    <Filter Include="헤더 파일\UI">
      <UniqueIdentifier>{0250f7f2-d97f-4333-a23a-b8ce3666a6cb}</UniqueIdentifier>
    </Filter>
    <Filter Include="소스 파일\Scene">
      <UniqueIdentifier>{55cd80cf-1bf5-4793-960c-4611254ef2a6}</UniqueIdentifier>
    </Filter>
    <Filter Include="헤더 파일\Scene">
      <UniqueIdentifier>{89898e66-755c-48e2-8757-9ea28de108d2}</UniqueIdentifier>
    </Filter>
    <Filter Include="소스 파일\Entity">
      <UniqueIdentifier>{a0a6fcb2-599f-45d6-b608-0c8358b78615}</UniqueIdentifier>
    </Filter>
    <Filter Include="헤더 파일\Entity">
      <UniqueIdentifier>{ab678111-05ab-4ccb-a69b-7a421e761cc8}</UniqueIdentifier>
    </Filter>
    <Filter Include="소스 파일\Core">
      <UniqueIdentifier>{4eb205e8-7e8c-4ed2-9a01-4853c39b2357}</UniqueIdentifier>
    </Filter>
    <Filter Include="소스 파일\Entity\Actor">
      <UniqueIdentifier>{f594ab3b-71bf-4c66-a6c2-7dff32526519}</UniqueIdentifier>
    </Filter>
    <Filter Include="소스 파일\Entity\Component">
      <UniqueIdentifier>{fefc904e-7b79-4d90-8c2f-da5fee2a5c51}</UniqueIdentifier>
    </Filter>
    <Filter Include="헤더 파일\Entity\Actor">
      <UniqueIdentifier>{4fb4b3c4-85fb-41c4-aad6-f9ac492171a0}</UniqueIdentifier>
    </Filter>
    <Filter Include="헤더 파일\Entity\Component">
      <UniqueIdentifier>{36da8593-749b-41cc-a933-f96fac0d29ef}</UniqueIdentifier>
    </Filter>
    <Filter Include="헤더 파일\Core">
      <UniqueIdentifier>{fd9b411f-444a-4136-877f-5a2080d02b55}</UniqueIdentifier>
    </Filter>
    <Filter Include="소스 파일\GamePlay">
      <UniqueIdentifier>{cb5afef7-ecdd-4dc1-b95a-b55609548787}</UniqueIdentifier>
    </Filter>
    <Filter Include="헤더 파일\GamePlay">
      <UniqueIdentifier>{931f4cb1-5a7c-4230-bd93-d93b6a4d6165}</UniqueIdentifier>
    </Filter>
    <Filter Include="소스 파일\GamePlay\Inventory">
      <UniqueIdentifier>{96230372-5b1c-46b3-b05d-6e579e22199c}</UniqueIdentifier>
    </Filter>
    <Filter Include="소스 파일\GamePlay\Battle">
      <UniqueIdentifier>{28187b27-5cae-4904-8203-648e893cf587}</UniqueIdentifier>
    </Filter>
    <Filter Include="헤더 파일\GamePlay\Inventory">
      <UniqueIdentifier>{472daab5-1b54-453b-a635-683caca5b4d2}</UniqueIdentifier>
    </Filter>
    <Filter Include="헤더 파일\GamePlay\Battle">
      <UniqueIdentifier>{47251987-039e-4db5-a9f1-e6d7fea6dccf}</UniqueIdentifier>
    </Filter>
  </ItemGroup>
  <ItemGroup>
    <ClCompile Include="UIManager.cpp">
      <Filter>소스 파일\UI</Filter>
    </ClCompile>
    <ClCompile Include="TitleScene.cpp">
      <Filter>소스 파일\Scene</Filter>
    </ClCompile>
    <ClCompile Include="BaseScene.cpp">
      <Filter>소스 파일\Scene</Filter>
    </ClCompile>
    <ClCompile Include="BaseUI.cpp">
      <Filter>소스 파일\UI</Filter>
    </ClCompile>
    <ClCompile Include="GameUI.cpp">
      <Filter>소스 파일\UI</Filter>
    </ClCompile>
    <ClCompile Include="GameManager.cpp">
      <Filter>소스 파일\Core</Filter>
    </ClCompile>
    <ClCompile Include="TownScene.cpp">
      <Filter>소스 파일\Scene</Filter>
    </ClCompile>
    <ClCompile Include="BattleEntity.cpp">
      <Filter>소스 파일\Entity\Actor</Filter>
    </ClCompile>
    <ClCompile Include="Entity.cpp">
      <Filter>소스 파일\Entity\Actor</Filter>
    </ClCompile>
    <ClCompile Include="Monster.cpp">
      <Filter>소스 파일\Entity\Actor</Filter>
    </ClCompile>
    <ClCompile Include="NPC.cpp">
      <Filter>소스 파일\Entity\Actor</Filter>
    </ClCompile>
    <ClCompile Include="Player.cpp">
      <Filter>소스 파일\Entity\Actor</Filter>
    </ClCompile>
    <ClCompile Include="main.cpp">
      <Filter>소스 파일\Core</Filter>
    </ClCompile>
    <ClCompile Include="Status.cpp">
      <Filter>소스 파일\Entity\Component</Filter>
    </ClCompile>
    <ClCompile Include="DungeonScene.cpp">
      <Filter>소스 파일\Scene</Filter>
    </ClCompile>
    <ClCompile Include="BattleScene.cpp">
      <Filter>소스 파일\Scene</Filter>
    </ClCompile>
  </ItemGroup>
  <ItemGroup>
    <ClInclude Include="UIManager.h">
      <Filter>헤더 파일\UI</Filter>
    </ClInclude>
    <ClInclude Include="BaseScene.h">
      <Filter>헤더 파일\Scene</Filter>
    </ClInclude>
    <ClInclude Include="TitleScene.h">
      <Filter>헤더 파일\Scene</Filter>
    </ClInclude>
    <ClInclude Include="BaseUI.h">
      <Filter>헤더 파일\UI</Filter>
    </ClInclude>
    <ClInclude Include="GameUI.h">
      <Filter>헤더 파일\UI</Filter>
    </ClInclude>
    <ClInclude Include="GameManager.h">
      <Filter>헤더 파일\Core</Filter>
    </ClInclude>
    <ClInclude Include="TownScene.h">
      <Filter>헤더 파일\Scene</Filter>
    </ClInclude>
    <ClInclude Include="Player.h">
      <Filter>헤더 파일\Entity\Actor</Filter>
    </ClInclude>
    <ClInclude Include="BattleEntity.h">
      <Filter>헤더 파일\Entity\Actor</Filter>
    </ClInclude>
    <ClInclude Include="Entity.h">
      <Filter>헤더 파일\Entity\Actor</Filter>
    </ClInclude>
    <ClInclude Include="Monster.h">
      <Filter>헤더 파일\Entity\Actor</Filter>
    </ClInclude>
    <ClInclude Include="NPC.h">
      <Filter>헤더 파일\Entity\Actor</Filter>
    </ClInclude>
    <ClInclude Include="Status.h">
      <Filter>헤더 파일\Entity\Component</Filter>
    </ClInclude>
    <ClInclude Include="common.h">
      <Filter>헤더 파일\Core</Filter>
    </ClInclude>
    <ClInclude Include="DungeonScene.h">
      <Filter>헤더 파일\Scene</Filter>
    </ClInclude>
    <ClInclude Include="BattleScene.h">
      <Filter>헤더 파일\Scene</Filter>
    </ClInclude>
  </ItemGroup>
</Project>